// !$*UTF8*$!
{
	archiveVersion = 1;
	classes = {
	};
	objectVersion = 56;
	objects = {

/* Begin PBXBuildFile section */
		338D3DD225218ACA97F49960 /* Pods_Turtle.framework in Frameworks */ = {isa = PBXBuildFile; fileRef = 8C8DFDB3F05A39B5BAB5AB19 /* Pods_Turtle.framework */; };
		790688522A69D13400114265 /* NeedleGenerated.swift in Sources */ = {isa = PBXBuildFile; fileRef = 790688512A69D13400114265 /* NeedleGenerated.swift */; };
		7906886B2A69D24D00114265 /* ApiService.swift in Sources */ = {isa = PBXBuildFile; fileRef = 790688552A69D24D00114265 /* ApiService.swift */; };
		7906886C2A69D24D00114265 /* ScheduleListViewModel.swift in Sources */ = {isa = PBXBuildFile; fileRef = 790688572A69D24D00114265 /* ScheduleListViewModel.swift */; };
		7906886D2A69D24D00114265 /* ScheduleType.swift in Sources */ = {isa = PBXBuildFile; fileRef = 790688582A69D24D00114265 /* ScheduleType.swift */; };
		7906886F2A69D24D00114265 /* RootComponent.swift in Sources */ = {isa = PBXBuildFile; fileRef = 7906885D2A69D24D00114265 /* RootComponent.swift */; };
		790688702A69D24D00114265 /* HomeScreen.swift in Sources */ = {isa = PBXBuildFile; fileRef = 7906885E2A69D24D00114265 /* HomeScreen.swift */; };
		790688712A69D24D00114265 /* Additional.swift in Sources */ = {isa = PBXBuildFile; fileRef = 790688602A69D24D00114265 /* Additional.swift */; };
		790688722A69D24D00114265 /* ScheduleListRepository.swift in Sources */ = {isa = PBXBuildFile; fileRef = 790688642A69D24D00114265 /* ScheduleListRepository.swift */; };
		790688732A69D24D00114265 /* ScheduleListComponent.swift in Sources */ = {isa = PBXBuildFile; fileRef = 790688662A69D24D00114265 /* ScheduleListComponent.swift */; };
		790688742A69D24D00114265 /* Groups.swift in Sources */ = {isa = PBXBuildFile; fileRef = 790688682A69D24D00114265 /* Groups.swift */; };
		790688752A69D24D00114265 /* SchedulesList.swift in Sources */ = {isa = PBXBuildFile; fileRef = 7906886A2A69D24D00114265 /* SchedulesList.swift */; };
		7951D35A2A6D5C9B00721C4A /* ScheduleSelectFrame.swift in Sources */ = {isa = PBXBuildFile; fileRef = 7951D3592A6D5C9B00721C4A /* ScheduleSelectFrame.swift */; };
		798116002A6B57A700DE10C5 /* ColorScheme.swift in Sources */ = {isa = PBXBuildFile; fileRef = 798115FF2A6B57A700DE10C5 /* ColorScheme.swift */; };
		798116022A6B606100DE10C5 /* Color.swift in Sources */ = {isa = PBXBuildFile; fileRef = 798116012A6B606100DE10C5 /* Color.swift */; };
		798116042A6C231800DE10C5 /* TurtlesBackground.swift in Sources */ = {isa = PBXBuildFile; fileRef = 798116032A6C231800DE10C5 /* TurtlesBackground.swift */; };
		799368C42A70699600F4F43E /* ScheduleViewModel.swift in Sources */ = {isa = PBXBuildFile; fileRef = 799368C32A70699600F4F43E /* ScheduleViewModel.swift */; };
		79C375EC2A6DC5E60041BDC4 /* SheetContent.swift in Sources */ = {isa = PBXBuildFile; fileRef = 79C375EB2A6DC5E60041BDC4 /* SheetContent.swift */; };
		79C375F02A6E908B0041BDC4 /* ScheduleComponent.swift in Sources */ = {isa = PBXBuildFile; fileRef = 79C375EF2A6E908B0041BDC4 /* ScheduleComponent.swift */; };
		79C375F32A6E910A0041BDC4 /* Schedule.swift in Sources */ = {isa = PBXBuildFile; fileRef = 79C375F22A6E910A0041BDC4 /* Schedule.swift */; };
		79C375F52A6E91980041BDC4 /* Routes.swift in Sources */ = {isa = PBXBuildFile; fileRef = 79C375F42A6E91980041BDC4 /* Routes.swift */; };
		79C375F82A6E9F960041BDC4 /* Navigator.swift in Sources */ = {isa = PBXBuildFile; fileRef = 79C375F72A6E9F960041BDC4 /* Navigator.swift */; };
		79C375FB2A6EAADB0041BDC4 /* ViewExtensions.swift in Sources */ = {isa = PBXBuildFile; fileRef = 79C375FA2A6EAADB0041BDC4 /* ViewExtensions.swift */; };
		79C4971C2A6CE19D00E68E17 /* qanelas.ttf in Resources */ = {isa = PBXBuildFile; fileRef = 79C4971B2A6CE19D00E68E17 /* qanelas.ttf */; };
		79C4971F2A6CE22F00E68E17 /* Font.swift in Sources */ = {isa = PBXBuildFile; fileRef = 79C4971E2A6CE22F00E68E17 /* Font.swift */; };
		79C497212A6CE33F00E68E17 /* Topbar.swift in Sources */ = {isa = PBXBuildFile; fileRef = 79C497202A6CE33F00E68E17 /* Topbar.swift */; };
		79C497252A6CF2E200E68E17 /* BottomNavigationView.swift in Sources */ = {isa = PBXBuildFile; fileRef = 79C497242A6CF2E200E68E17 /* BottomNavigationView.swift */; };
		79D99FEA2A68AEB700C860DD /* TurtleApp.swift in Sources */ = {isa = PBXBuildFile; fileRef = 79D99FE92A68AEB700C860DD /* TurtleApp.swift */; };
		79D99FEE2A68AEB800C860DD /* Assets.xcassets in Resources */ = {isa = PBXBuildFile; fileRef = 79D99FED2A68AEB800C860DD /* Assets.xcassets */; };
		79D99FF12A68AEB800C860DD /* Preview Assets.xcassets in Resources */ = {isa = PBXBuildFile; fileRef = 79D99FF02A68AEB800C860DD /* Preview Assets.xcassets */; };
		79FB3EA82A6AF3DF007251F9 /* ViewBuilder.swift in Sources */ = {isa = PBXBuildFile; fileRef = 79FB3EA72A6AF3DF007251F9 /* ViewBuilder.swift */; };
/* End PBXBuildFile section */

/* Begin PBXFileReference section */
		26C202E64C4CC9408F3EC14D /* Pods-Turtle.debug.xcconfig */ = {isa = PBXFileReference; includeInIndex = 1; lastKnownFileType = text.xcconfig; name = "Pods-Turtle.debug.xcconfig"; path = "Target Support Files/Pods-Turtle/Pods-Turtle.debug.xcconfig"; sourceTree = "<group>"; };
		790688512A69D13400114265 /* NeedleGenerated.swift */ = {isa = PBXFileReference; lastKnownFileType = sourcecode.swift; path = NeedleGenerated.swift; sourceTree = "<group>"; };
		790688552A69D24D00114265 /* ApiService.swift */ = {isa = PBXFileReference; fileEncoding = 4; lastKnownFileType = sourcecode.swift; path = ApiService.swift; sourceTree = "<group>"; };
		790688572A69D24D00114265 /* ScheduleListViewModel.swift */ = {isa = PBXFileReference; fileEncoding = 4; lastKnownFileType = sourcecode.swift; path = ScheduleListViewModel.swift; sourceTree = "<group>"; };
		790688582A69D24D00114265 /* ScheduleType.swift */ = {isa = PBXFileReference; fileEncoding = 4; lastKnownFileType = sourcecode.swift; path = ScheduleType.swift; sourceTree = "<group>"; };
		7906885D2A69D24D00114265 /* RootComponent.swift */ = {isa = PBXFileReference; fileEncoding = 4; lastKnownFileType = sourcecode.swift; path = RootComponent.swift; sourceTree = "<group>"; };
		7906885E2A69D24D00114265 /* HomeScreen.swift */ = {isa = PBXFileReference; fileEncoding = 4; lastKnownFileType = sourcecode.swift; path = HomeScreen.swift; sourceTree = "<group>"; };
		790688602A69D24D00114265 /* Additional.swift */ = {isa = PBXFileReference; fileEncoding = 4; lastKnownFileType = sourcecode.swift; path = Additional.swift; sourceTree = "<group>"; };
		790688642A69D24D00114265 /* ScheduleListRepository.swift */ = {isa = PBXFileReference; fileEncoding = 4; lastKnownFileType = sourcecode.swift; path = ScheduleListRepository.swift; sourceTree = "<group>"; };
		790688662A69D24D00114265 /* ScheduleListComponent.swift */ = {isa = PBXFileReference; fileEncoding = 4; lastKnownFileType = sourcecode.swift; path = ScheduleListComponent.swift; sourceTree = "<group>"; };
		790688682A69D24D00114265 /* Groups.swift */ = {isa = PBXFileReference; fileEncoding = 4; lastKnownFileType = sourcecode.swift; path = Groups.swift; sourceTree = "<group>"; };
		7906886A2A69D24D00114265 /* SchedulesList.swift */ = {isa = PBXFileReference; fileEncoding = 4; lastKnownFileType = sourcecode.swift; path = SchedulesList.swift; sourceTree = "<group>"; };
		7951D3592A6D5C9B00721C4A /* ScheduleSelectFrame.swift */ = {isa = PBXFileReference; lastKnownFileType = sourcecode.swift; path = ScheduleSelectFrame.swift; sourceTree = "<group>"; };
		798115FF2A6B57A700DE10C5 /* ColorScheme.swift */ = {isa = PBXFileReference; lastKnownFileType = sourcecode.swift; path = ColorScheme.swift; sourceTree = "<group>"; };
		798116012A6B606100DE10C5 /* Color.swift */ = {isa = PBXFileReference; lastKnownFileType = sourcecode.swift; path = Color.swift; sourceTree = "<group>"; };
		798116032A6C231800DE10C5 /* TurtlesBackground.swift */ = {isa = PBXFileReference; lastKnownFileType = sourcecode.swift; path = TurtlesBackground.swift; sourceTree = "<group>"; };
		799368C32A70699600F4F43E /* ScheduleViewModel.swift */ = {isa = PBXFileReference; lastKnownFileType = sourcecode.swift; path = ScheduleViewModel.swift; sourceTree = "<group>"; };
		79C375EB2A6DC5E60041BDC4 /* SheetContent.swift */ = {isa = PBXFileReference; lastKnownFileType = sourcecode.swift; path = SheetContent.swift; sourceTree = "<group>"; };
		79C375EF2A6E908B0041BDC4 /* ScheduleComponent.swift */ = {isa = PBXFileReference; lastKnownFileType = sourcecode.swift; path = ScheduleComponent.swift; sourceTree = "<group>"; };
		79C375F22A6E910A0041BDC4 /* Schedule.swift */ = {isa = PBXFileReference; lastKnownFileType = sourcecode.swift; path = Schedule.swift; sourceTree = "<group>"; };
		79C375F42A6E91980041BDC4 /* Routes.swift */ = {isa = PBXFileReference; lastKnownFileType = sourcecode.swift; path = Routes.swift; sourceTree = "<group>"; };
		79C375F72A6E9F960041BDC4 /* Navigator.swift */ = {isa = PBXFileReference; lastKnownFileType = sourcecode.swift; path = Navigator.swift; sourceTree = "<group>"; };
		79C375FA2A6EAADB0041BDC4 /* ViewExtensions.swift */ = {isa = PBXFileReference; lastKnownFileType = sourcecode.swift; path = ViewExtensions.swift; sourceTree = "<group>"; };
		79C4971B2A6CE19D00E68E17 /* qanelas.ttf */ = {isa = PBXFileReference; lastKnownFileType = file; path = qanelas.ttf; sourceTree = "<group>"; };
		79C4971E2A6CE22F00E68E17 /* Font.swift */ = {isa = PBXFileReference; lastKnownFileType = sourcecode.swift; path = Font.swift; sourceTree = "<group>"; };
		79C497202A6CE33F00E68E17 /* Topbar.swift */ = {isa = PBXFileReference; lastKnownFileType = sourcecode.swift; path = Topbar.swift; sourceTree = "<group>"; };
		79C497222A6CE88400E68E17 /* Info.plist */ = {isa = PBXFileReference; lastKnownFileType = text.plist; path = Info.plist; sourceTree = "<group>"; };
		79C497242A6CF2E200E68E17 /* BottomNavigationView.swift */ = {isa = PBXFileReference; lastKnownFileType = sourcecode.swift; path = BottomNavigationView.swift; sourceTree = "<group>"; };
		79D99FE62A68AEB700C860DD /* Turtle.app */ = {isa = PBXFileReference; explicitFileType = wrapper.application; includeInIndex = 0; path = Turtle.app; sourceTree = BUILT_PRODUCTS_DIR; };
		79D99FE92A68AEB700C860DD /* TurtleApp.swift */ = {isa = PBXFileReference; lastKnownFileType = sourcecode.swift; path = TurtleApp.swift; sourceTree = "<group>"; };
		79D99FED2A68AEB800C860DD /* Assets.xcassets */ = {isa = PBXFileReference; lastKnownFileType = folder.assetcatalog; path = Assets.xcassets; sourceTree = "<group>"; };
		79D99FF02A68AEB800C860DD /* Preview Assets.xcassets */ = {isa = PBXFileReference; lastKnownFileType = folder.assetcatalog; path = "Preview Assets.xcassets"; sourceTree = "<group>"; };
		79FB3EA72A6AF3DF007251F9 /* ViewBuilder.swift */ = {isa = PBXFileReference; lastKnownFileType = sourcecode.swift; path = ViewBuilder.swift; sourceTree = "<group>"; };
		8C8DFDB3F05A39B5BAB5AB19 /* Pods_Turtle.framework */ = {isa = PBXFileReference; explicitFileType = wrapper.framework; includeInIndex = 0; path = Pods_Turtle.framework; sourceTree = BUILT_PRODUCTS_DIR; };
		E7092A510E3F6945B6781F64 /* Pods-Turtle.release.xcconfig */ = {isa = PBXFileReference; includeInIndex = 1; lastKnownFileType = text.xcconfig; name = "Pods-Turtle.release.xcconfig"; path = "Target Support Files/Pods-Turtle/Pods-Turtle.release.xcconfig"; sourceTree = "<group>"; };
/* End PBXFileReference section */

/* Begin PBXFrameworksBuildPhase section */
		79D99FE32A68AEB700C860DD /* Frameworks */ = {
			isa = PBXFrameworksBuildPhase;
			buildActionMask = 2147483647;
			files = (
				338D3DD225218ACA97F49960 /* Pods_Turtle.framework in Frameworks */,
			);
			runOnlyForDeploymentPostprocessing = 0;
		};
/* End PBXFrameworksBuildPhase section */

/* Begin PBXGroup section */
		11A5D75FCCAB5175809C9AEF /* Pods */ = {
			isa = PBXGroup;
			children = (
				26C202E64C4CC9408F3EC14D /* Pods-Turtle.debug.xcconfig */,
				E7092A510E3F6945B6781F64 /* Pods-Turtle.release.xcconfig */,
			);
			path = Pods;
			sourceTree = "<group>";
		};
		2F9E97E187FEC05DFFB33DC9 /* Frameworks */ = {
			isa = PBXGroup;
			children = (
				8C8DFDB3F05A39B5BAB5AB19 /* Pods_Turtle.framework */,
			);
			name = Frameworks;
			sourceTree = "<group>";
		};
		790688532A69D24D00114265 /* common */ = {
			isa = PBXGroup;
			children = (
				790688542A69D24D00114265 /* network */,
				790688562A69D24D00114265 /* view */,
				790688582A69D24D00114265 /* ScheduleType.swift */,
				79C375F42A6E91980041BDC4 /* Routes.swift */,
			);
			path = common;
			sourceTree = "<group>";
		};
		790688542A69D24D00114265 /* network */ = {
			isa = PBXGroup;
			children = (
				790688552A69D24D00114265 /* ApiService.swift */,
			);
			path = network;
			sourceTree = "<group>";
		};
		790688562A69D24D00114265 /* view */ = {
			isa = PBXGroup;
			children = (
				79C375F92A6EAABA0041BDC4 /* components */,
				79C4971D2A6CE1AA00E68E17 /* font */,
				79FB3EA72A6AF3DF007251F9 /* ViewBuilder.swift */,
				798115FF2A6B57A700DE10C5 /* ColorScheme.swift */,
				798116012A6B606100DE10C5 /* Color.swift */,
				79C375FA2A6EAADB0041BDC4 /* ViewExtensions.swift */,
			);
			path = view;
			sourceTree = "<group>";
		};
		790688592A69D24D00114265 /* features */ = {
			isa = PBXGroup;
			children = (
				7906885C2A69D24D00114265 /* root */,
				7906885F2A69D24D00114265 /* additional */,
				790688622A69D24D00114265 /* schedule_list */,
				79C375ED2A6E905A0041BDC4 /* schedule */,
			);
			path = features;
			sourceTree = "<group>";
		};
		7906885C2A69D24D00114265 /* root */ = {
			isa = PBXGroup;
			children = (
				79C497232A6CF2C100E68E17 /* components */,
				7906885D2A69D24D00114265 /* RootComponent.swift */,
				7906885E2A69D24D00114265 /* HomeScreen.swift */,
				79C375F72A6E9F960041BDC4 /* Navigator.swift */,
			);
			path = root;
			sourceTree = "<group>";
		};
		7906885F2A69D24D00114265 /* additional */ = {
			isa = PBXGroup;
			children = (
				790688602A69D24D00114265 /* Additional.swift */,
			);
			path = additional;
			sourceTree = "<group>";
		};
		790688622A69D24D00114265 /* schedule_list */ = {
			isa = PBXGroup;
			children = (
				790688632A69D24D00114265 /* repository */,
				790688652A69D24D00114265 /* di */,
				790688672A69D24D00114265 /* model */,
				790688692A69D24D00114265 /* view */,
			);
			path = schedule_list;
			sourceTree = "<group>";
		};
		790688632A69D24D00114265 /* repository */ = {
			isa = PBXGroup;
			children = (
				790688642A69D24D00114265 /* ScheduleListRepository.swift */,
			);
			path = repository;
			sourceTree = "<group>";
		};
		790688652A69D24D00114265 /* di */ = {
			isa = PBXGroup;
			children = (
				790688662A69D24D00114265 /* ScheduleListComponent.swift */,
			);
			path = di;
			sourceTree = "<group>";
		};
		790688672A69D24D00114265 /* model */ = {
			isa = PBXGroup;
			children = (
				790688682A69D24D00114265 /* Groups.swift */,
			);
			path = model;
			sourceTree = "<group>";
		};
		790688692A69D24D00114265 /* view */ = {
			isa = PBXGroup;
			children = (
				7951D3582A6D5C8000721C4A /* components */,
				790688572A69D24D00114265 /* ScheduleListViewModel.swift */,
				7906886A2A69D24D00114265 /* SchedulesList.swift */,
			);
			path = view;
			sourceTree = "<group>";
		};
		7951D3582A6D5C8000721C4A /* components */ = {
			isa = PBXGroup;
			children = (
				7951D3592A6D5C9B00721C4A /* ScheduleSelectFrame.swift */,
				79C375EB2A6DC5E60041BDC4 /* SheetContent.swift */,
			);
			path = components;
			sourceTree = "<group>";
		};
		79C375ED2A6E905A0041BDC4 /* schedule */ = {
			isa = PBXGroup;
			children = (
				79C375F12A6E90FB0041BDC4 /* view */,
				79C375EE2A6E90730041BDC4 /* di */,
			);
			path = schedule;
			sourceTree = "<group>";
		};
		79C375EE2A6E90730041BDC4 /* di */ = {
			isa = PBXGroup;
			children = (
				79C375EF2A6E908B0041BDC4 /* ScheduleComponent.swift */,
			);
			path = di;
			sourceTree = "<group>";
		};
		79C375F12A6E90FB0041BDC4 /* view */ = {
			isa = PBXGroup;
			children = (
				79C375F22A6E910A0041BDC4 /* Schedule.swift */,
				799368C32A70699600F4F43E /* ScheduleViewModel.swift */,
			);
			path = view;
			sourceTree = "<group>";
		};
		79C375F92A6EAABA0041BDC4 /* components */ = {
			isa = PBXGroup;
			children = (
				79C497202A6CE33F00E68E17 /* Topbar.swift */,
			);
			path = components;
			sourceTree = "<group>";
		};
		79C4971D2A6CE1AA00E68E17 /* font */ = {
			isa = PBXGroup;
			children = (
				79C4971B2A6CE19D00E68E17 /* qanelas.ttf */,
				79C4971E2A6CE22F00E68E17 /* Font.swift */,
			);
			path = font;
			sourceTree = "<group>";
		};
		79C497232A6CF2C100E68E17 /* components */ = {
			isa = PBXGroup;
			children = (
				798116032A6C231800DE10C5 /* TurtlesBackground.swift */,
				79C497242A6CF2E200E68E17 /* BottomNavigationView.swift */,
			);
			path = components;
			sourceTree = "<group>";
		};
		79D99FDD2A68AEB700C860DD = {
			isa = PBXGroup;
			children = (
				79D99FE82A68AEB700C860DD /* Turtle */,
				11A5D75FCCAB5175809C9AEF /* Pods */,
				2F9E97E187FEC05DFFB33DC9 /* Frameworks */,
			);
			sourceTree = "<group>";
		};
		79D99FE72A68AEB700C860DD /* Products */ = {
			isa = PBXGroup;
			children = (
				79D99FE62A68AEB700C860DD /* Turtle.app */,
			);
			name = Products;
			path = ..;
			sourceTree = "<group>";
		};
		79D99FE82A68AEB700C860DD /* Turtle */ = {
			isa = PBXGroup;
			children = (
				79C497222A6CE88400E68E17 /* Info.plist */,
				790688532A69D24D00114265 /* common */,
				790688592A69D24D00114265 /* features */,
				79D99FE92A68AEB700C860DD /* TurtleApp.swift */,
				790688512A69D13400114265 /* NeedleGenerated.swift */,
				79D99FE72A68AEB700C860DD /* Products */,
				79D99FED2A68AEB800C860DD /* Assets.xcassets */,
				79D99FEF2A68AEB800C860DD /* Preview Content */,
			);
			path = Turtle;
			sourceTree = "<group>";
		};
		79D99FEF2A68AEB800C860DD /* Preview Content */ = {
			isa = PBXGroup;
			children = (
				79D99FF02A68AEB800C860DD /* Preview Assets.xcassets */,
			);
			path = "Preview Content";
			sourceTree = "<group>";
		};
/* End PBXGroup section */

/* Begin PBXNativeTarget section */
		79D99FE52A68AEB700C860DD /* Turtle */ = {
			isa = PBXNativeTarget;
			buildConfigurationList = 79D99FF42A68AEB800C860DD /* Build configuration list for PBXNativeTarget "Turtle" */;
			buildPhases = (
				FBF8B684907325D09A7DAD33 /* [CP] Check Pods Manifest.lock */,
				79D99FE22A68AEB700C860DD /* Sources */,
				79D99FE32A68AEB700C860DD /* Frameworks */,
				79D99FE42A68AEB700C860DD /* Resources */,
				D98E189A1A8C48BF8ABF73F2 /* [CP] Embed Pods Frameworks */,
			);
			buildRules = (
			);
			dependencies = (
			);
			name = Turtle;
			productName = Turtle;
			productReference = 79D99FE62A68AEB700C860DD /* Turtle.app */;
			productType = "com.apple.product-type.application";
		};
/* End PBXNativeTarget section */

/* Begin PBXProject section */
		79D99FDE2A68AEB700C860DD /* Project object */ = {
			isa = PBXProject;
			attributes = {
				BuildIndependentTargetsInParallel = 1;
				LastSwiftUpdateCheck = 1430;
				LastUpgradeCheck = 1430;
				TargetAttributes = {
					79D99FE52A68AEB700C860DD = {
						CreatedOnToolsVersion = 14.3.1;
					};
				};
			};
			buildConfigurationList = 79D99FE12A68AEB700C860DD /* Build configuration list for PBXProject "Turtle" */;
			compatibilityVersion = "Xcode 14.0";
			developmentRegion = en;
			hasScannedForEncodings = 0;
			knownRegions = (
				en,
				Base,
			);
			mainGroup = 79D99FDD2A68AEB700C860DD;
			productRefGroup = 79D99FE72A68AEB700C860DD /* Products */;
			projectDirPath = "";
			projectRoot = "";
			targets = (
				79D99FE52A68AEB700C860DD /* Turtle */,
			);
		};
/* End PBXProject section */

/* Begin PBXResourcesBuildPhase section */
		79D99FE42A68AEB700C860DD /* Resources */ = {
			isa = PBXResourcesBuildPhase;
			buildActionMask = 2147483647;
			files = (
				79C4971C2A6CE19D00E68E17 /* qanelas.ttf in Resources */,
				79D99FF12A68AEB800C860DD /* Preview Assets.xcassets in Resources */,
				79D99FEE2A68AEB800C860DD /* Assets.xcassets in Resources */,
			);
			runOnlyForDeploymentPostprocessing = 0;
		};
/* End PBXResourcesBuildPhase section */

/* Begin PBXShellScriptBuildPhase section */
		D98E189A1A8C48BF8ABF73F2 /* [CP] Embed Pods Frameworks */ = {
			isa = PBXShellScriptBuildPhase;
			buildActionMask = 2147483647;
			files = (
			);
			inputFileListPaths = (
				"${PODS_ROOT}/Target Support Files/Pods-Turtle/Pods-Turtle-frameworks-${CONFIGURATION}-input-files.xcfilelist",
			);
			name = "[CP] Embed Pods Frameworks";
			outputFileListPaths = (
				"${PODS_ROOT}/Target Support Files/Pods-Turtle/Pods-Turtle-frameworks-${CONFIGURATION}-output-files.xcfilelist",
			);
			runOnlyForDeploymentPostprocessing = 0;
			shellPath = /bin/sh;
			shellScript = "\"${PODS_ROOT}/Target Support Files/Pods-Turtle/Pods-Turtle-frameworks.sh\"\n";
			showEnvVarsInLog = 0;
		};
		FBF8B684907325D09A7DAD33 /* [CP] Check Pods Manifest.lock */ = {
			isa = PBXShellScriptBuildPhase;
			buildActionMask = 2147483647;
			files = (
			);
			inputFileListPaths = (
			);
			inputPaths = (
				"${PODS_PODFILE_DIR_PATH}/Podfile.lock",
				"${PODS_ROOT}/Manifest.lock",
			);
			name = "[CP] Check Pods Manifest.lock";
			outputFileListPaths = (
			);
			outputPaths = (
				"$(DERIVED_FILE_DIR)/Pods-Turtle-checkManifestLockResult.txt",
			);
			runOnlyForDeploymentPostprocessing = 0;
			shellPath = /bin/sh;
			shellScript = "diff \"${PODS_PODFILE_DIR_PATH}/Podfile.lock\" \"${PODS_ROOT}/Manifest.lock\" > /dev/null\nif [ $? != 0 ] ; then\n    # print error to STDERR\n    echo \"error: The sandbox is not in sync with the Podfile.lock. Run 'pod install' or update your CocoaPods installation.\" >&2\n    exit 1\nfi\n# This output is used by Xcode 'outputs' to avoid re-running this script phase.\necho \"SUCCESS\" > \"${SCRIPT_OUTPUT_FILE_0}\"\n";
			showEnvVarsInLog = 0;
		};
/* End PBXShellScriptBuildPhase section */

/* Begin PBXSourcesBuildPhase section */
		79D99FE22A68AEB700C860DD /* Sources */ = {
			isa = PBXSourcesBuildPhase;
			buildActionMask = 2147483647;
			files = (
				7906886F2A69D24D00114265 /* RootComponent.swift in Sources */,
				79C375F52A6E91980041BDC4 /* Routes.swift in Sources */,
				79C375EC2A6DC5E60041BDC4 /* SheetContent.swift in Sources */,
				790688752A69D24D00114265 /* SchedulesList.swift in Sources */,
				799368C42A70699600F4F43E /* ScheduleViewModel.swift in Sources */,
				79D99FEA2A68AEB700C860DD /* TurtleApp.swift in Sources */,
				790688522A69D13400114265 /* NeedleGenerated.swift in Sources */,
				79C375F82A6E9F960041BDC4 /* Navigator.swift in Sources */,
				790688702A69D24D00114265 /* HomeScreen.swift in Sources */,
				798116042A6C231800DE10C5 /* TurtlesBackground.swift in Sources */,
				79FB3EA82A6AF3DF007251F9 /* ViewBuilder.swift in Sources */,
				7906886B2A69D24D00114265 /* ApiService.swift in Sources */,
				7951D35A2A6D5C9B00721C4A /* ScheduleSelectFrame.swift in Sources */,
				790688712A69D24D00114265 /* Additional.swift in Sources */,
				798116022A6B606100DE10C5 /* Color.swift in Sources */,
				7906886D2A69D24D00114265 /* ScheduleType.swift in Sources */,
				790688732A69D24D00114265 /* ScheduleListComponent.swift in Sources */,
				79C4971F2A6CE22F00E68E17 /* Font.swift in Sources */,
				79C497212A6CE33F00E68E17 /* Topbar.swift in Sources */,
				798116002A6B57A700DE10C5 /* ColorScheme.swift in Sources */,
				79C497252A6CF2E200E68E17 /* BottomNavigationView.swift in Sources */,
				79C375FB2A6EAADB0041BDC4 /* ViewExtensions.swift in Sources */,
				79C375F02A6E908B0041BDC4 /* ScheduleComponent.swift in Sources */,
				790688722A69D24D00114265 /* ScheduleListRepository.swift in Sources */,
				7906886C2A69D24D00114265 /* ScheduleListViewModel.swift in Sources */,
				79C375F32A6E910A0041BDC4 /* Schedule.swift in Sources */,
				790688742A69D24D00114265 /* Groups.swift in Sources */,
			);
			runOnlyForDeploymentPostprocessing = 0;
		};
/* End PBXSourcesBuildPhase section */

/* Begin XCBuildConfiguration section */
		79D99FF22A68AEB800C860DD /* Debug */ = {
			isa = XCBuildConfiguration;
			buildSettings = {
				ALWAYS_SEARCH_USER_PATHS = NO;
				CLANG_ANALYZER_NONNULL = YES;
				CLANG_ANALYZER_NUMBER_OBJECT_CONVERSION = YES_AGGRESSIVE;
				CLANG_CXX_LANGUAGE_STANDARD = "gnu++20";
				CLANG_ENABLE_MODULES = YES;
				CLANG_ENABLE_OBJC_ARC = YES;
				CLANG_ENABLE_OBJC_WEAK = YES;
				CLANG_WARN_BLOCK_CAPTURE_AUTORELEASING = YES;
				CLANG_WARN_BOOL_CONVERSION = YES;
				CLANG_WARN_COMMA = YES;
				CLANG_WARN_CONSTANT_CONVERSION = YES;
				CLANG_WARN_DEPRECATED_OBJC_IMPLEMENTATIONS = YES;
				CLANG_WARN_DIRECT_OBJC_ISA_USAGE = YES_ERROR;
				CLANG_WARN_DOCUMENTATION_COMMENTS = YES;
				CLANG_WARN_EMPTY_BODY = YES;
				CLANG_WARN_ENUM_CONVERSION = YES;
				CLANG_WARN_INFINITE_RECURSION = YES;
				CLANG_WARN_INT_CONVERSION = YES;
				CLANG_WARN_NON_LITERAL_NULL_CONVERSION = YES;
				CLANG_WARN_OBJC_IMPLICIT_RETAIN_SELF = YES;
				CLANG_WARN_OBJC_LITERAL_CONVERSION = YES;
				CLANG_WARN_OBJC_ROOT_CLASS = YES_ERROR;
				CLANG_WARN_QUOTED_INCLUDE_IN_FRAMEWORK_HEADER = YES;
				CLANG_WARN_RANGE_LOOP_ANALYSIS = YES;
				CLANG_WARN_STRICT_PROTOTYPES = YES;
				CLANG_WARN_SUSPICIOUS_MOVE = YES;
				CLANG_WARN_UNGUARDED_AVAILABILITY = YES_AGGRESSIVE;
				CLANG_WARN_UNREACHABLE_CODE = YES;
				CLANG_WARN__DUPLICATE_METHOD_MATCH = YES;
				COPY_PHASE_STRIP = NO;
				DEBUG_INFORMATION_FORMAT = dwarf;
				ENABLE_STRICT_OBJC_MSGSEND = YES;
				ENABLE_TESTABILITY = YES;
				GCC_C_LANGUAGE_STANDARD = gnu11;
				GCC_DYNAMIC_NO_PIC = NO;
				GCC_NO_COMMON_BLOCKS = YES;
				GCC_OPTIMIZATION_LEVEL = 0;
				GCC_PREPROCESSOR_DEFINITIONS = (
					"DEBUG=1",
					"$(inherited)",
				);
				GCC_WARN_64_TO_32_BIT_CONVERSION = YES;
				GCC_WARN_ABOUT_RETURN_TYPE = YES_ERROR;
				GCC_WARN_UNDECLARED_SELECTOR = YES;
				GCC_WARN_UNINITIALIZED_AUTOS = YES_AGGRESSIVE;
				GCC_WARN_UNUSED_FUNCTION = YES;
				GCC_WARN_UNUSED_VARIABLE = YES;
				IPHONEOS_DEPLOYMENT_TARGET = 15.0;
				MTL_ENABLE_DEBUG_INFO = INCLUDE_SOURCE;
				MTL_FAST_MATH = YES;
				ONLY_ACTIVE_ARCH = YES;
				SDKROOT = iphoneos;
				SWIFT_ACTIVE_COMPILATION_CONDITIONS = DEBUG;
				SWIFT_OPTIMIZATION_LEVEL = "-Onone";
			};
			name = Debug;
		};
		79D99FF32A68AEB800C860DD /* Release */ = {
			isa = XCBuildConfiguration;
			buildSettings = {
				ALWAYS_SEARCH_USER_PATHS = NO;
				CLANG_ANALYZER_NONNULL = YES;
				CLANG_ANALYZER_NUMBER_OBJECT_CONVERSION = YES_AGGRESSIVE;
				CLANG_CXX_LANGUAGE_STANDARD = "gnu++20";
				CLANG_ENABLE_MODULES = YES;
				CLANG_ENABLE_OBJC_ARC = YES;
				CLANG_ENABLE_OBJC_WEAK = YES;
				CLANG_WARN_BLOCK_CAPTURE_AUTORELEASING = YES;
				CLANG_WARN_BOOL_CONVERSION = YES;
				CLANG_WARN_COMMA = YES;
				CLANG_WARN_CONSTANT_CONVERSION = YES;
				CLANG_WARN_DEPRECATED_OBJC_IMPLEMENTATIONS = YES;
				CLANG_WARN_DIRECT_OBJC_ISA_USAGE = YES_ERROR;
				CLANG_WARN_DOCUMENTATION_COMMENTS = YES;
				CLANG_WARN_EMPTY_BODY = YES;
				CLANG_WARN_ENUM_CONVERSION = YES;
				CLANG_WARN_INFINITE_RECURSION = YES;
				CLANG_WARN_INT_CONVERSION = YES;
				CLANG_WARN_NON_LITERAL_NULL_CONVERSION = YES;
				CLANG_WARN_OBJC_IMPLICIT_RETAIN_SELF = YES;
				CLANG_WARN_OBJC_LITERAL_CONVERSION = YES;
				CLANG_WARN_OBJC_ROOT_CLASS = YES_ERROR;
				CLANG_WARN_QUOTED_INCLUDE_IN_FRAMEWORK_HEADER = YES;
				CLANG_WARN_RANGE_LOOP_ANALYSIS = YES;
				CLANG_WARN_STRICT_PROTOTYPES = YES;
				CLANG_WARN_SUSPICIOUS_MOVE = YES;
				CLANG_WARN_UNGUARDED_AVAILABILITY = YES_AGGRESSIVE;
				CLANG_WARN_UNREACHABLE_CODE = YES;
				CLANG_WARN__DUPLICATE_METHOD_MATCH = YES;
				COPY_PHASE_STRIP = NO;
				DEBUG_INFORMATION_FORMAT = "dwarf-with-dsym";
				ENABLE_NS_ASSERTIONS = NO;
				ENABLE_STRICT_OBJC_MSGSEND = YES;
				GCC_C_LANGUAGE_STANDARD = gnu11;
				GCC_NO_COMMON_BLOCKS = YES;
				GCC_WARN_64_TO_32_BIT_CONVERSION = YES;
				GCC_WARN_ABOUT_RETURN_TYPE = YES_ERROR;
				GCC_WARN_UNDECLARED_SELECTOR = YES;
				GCC_WARN_UNINITIALIZED_AUTOS = YES_AGGRESSIVE;
				GCC_WARN_UNUSED_FUNCTION = YES;
				GCC_WARN_UNUSED_VARIABLE = YES;
				IPHONEOS_DEPLOYMENT_TARGET = 15.0;
				MTL_ENABLE_DEBUG_INFO = NO;
				MTL_FAST_MATH = YES;
				SDKROOT = iphoneos;
				SWIFT_COMPILATION_MODE = wholemodule;
				SWIFT_OPTIMIZATION_LEVEL = "-O";
				VALIDATE_PRODUCT = YES;
			};
			name = Release;
		};
		79D99FF52A68AEB800C860DD /* Debug */ = {
			isa = XCBuildConfiguration;
			baseConfigurationReference = 26C202E64C4CC9408F3EC14D /* Pods-Turtle.debug.xcconfig */;
			buildSettings = {
				ASSETCATALOG_COMPILER_APPICON_NAME = AppIcon;
				ASSETCATALOG_COMPILER_GLOBAL_ACCENT_COLOR_NAME = AccentColor;
				CODE_SIGN_STYLE = Automatic;
				CURRENT_PROJECT_VERSION = 1;
				DEVELOPMENT_ASSET_PATHS = "Turtle/common/view/font/qanelas.ttf Turtle/Preview\\ Content";
				DEVELOPMENT_TEAM = KLX584C5B3;
				ENABLE_PREVIEWS = YES;
				GENERATE_INFOPLIST_FILE = YES;
				INFOPLIST_FILE = Turtle/Info.plist;
				INFOPLIST_KEY_UIApplicationSceneManifest_Generation = YES;
				INFOPLIST_KEY_UIApplicationSupportsIndirectInputEvents = YES;
				INFOPLIST_KEY_UILaunchScreen_Generation = YES;
				INFOPLIST_KEY_UISupportedInterfaceOrientations = UIInterfaceOrientationPortrait;
				IPHONEOS_DEPLOYMENT_TARGET = 15.0;
				LD_RUNPATH_SEARCH_PATHS = (
					"$(inherited)",
					"@executable_path/Frameworks",
				);
				MARKETING_VERSION = 1.0;
				PRODUCT_BUNDLE_IDENTIFIER = turtleteam.Turtle;
				PRODUCT_NAME = "$(TARGET_NAME)";
				SUPPORTED_PLATFORMS = "iphoneos iphonesimulator";
				SUPPORTS_MACCATALYST = NO;
				SUPPORTS_MAC_DESIGNED_FOR_IPHONE_IPAD = YES;
				SWIFT_EMIT_LOC_STRINGS = YES;
				SWIFT_VERSION = 5.0;
				TARGETED_DEVICE_FAMILY = 1;
			};
			name = Debug;
		};
		79D99FF62A68AEB800C860DD /* Release */ = {
			isa = XCBuildConfiguration;
			baseConfigurationReference = E7092A510E3F6945B6781F64 /* Pods-Turtle.release.xcconfig */;
			buildSettings = {
				ASSETCATALOG_COMPILER_APPICON_NAME = AppIcon;
				ASSETCATALOG_COMPILER_GLOBAL_ACCENT_COLOR_NAME = AccentColor;
				CODE_SIGN_STYLE = Automatic;
				CURRENT_PROJECT_VERSION = 1;
				DEVELOPMENT_ASSET_PATHS = "Turtle/common/view/font/qanelas.ttf Turtle/Preview\\ Content";
				DEVELOPMENT_TEAM = KLX584C5B3;
				ENABLE_PREVIEWS = YES;
				GENERATE_INFOPLIST_FILE = YES;
				INFOPLIST_FILE = Turtle/Info.plist;
				INFOPLIST_KEY_UIApplicationSceneManifest_Generation = YES;
				INFOPLIST_KEY_UIApplicationSupportsIndirectInputEvents = YES;
				INFOPLIST_KEY_UILaunchScreen_Generation = YES;
				INFOPLIST_KEY_UISupportedInterfaceOrientations = UIInterfaceOrientationPortrait;
				IPHONEOS_DEPLOYMENT_TARGET = 15.0;
				LD_RUNPATH_SEARCH_PATHS = (
					"$(inherited)",
					"@executable_path/Frameworks",
				);
				MARKETING_VERSION = 1.0;
				PRODUCT_BUNDLE_IDENTIFIER = turtleteam.Turtle;
				PRODUCT_NAME = "$(TARGET_NAME)";
				SUPPORTED_PLATFORMS = "iphoneos iphonesimulator";
				SUPPORTS_MACCATALYST = NO;
				SUPPORTS_MAC_DESIGNED_FOR_IPHONE_IPAD = YES;
				SWIFT_EMIT_LOC_STRINGS = YES;
				SWIFT_VERSION = 5.0;
				TARGETED_DEVICE_FAMILY = 1;
			};
			name = Release;
		};
/* End XCBuildConfiguration section */

/* Begin XCConfigurationList section */
		79D99FE12A68AEB700C860DD /* Build configuration list for PBXProject "Turtle" */ = {
			isa = XCConfigurationList;
			buildConfigurations = (
				79D99FF22A68AEB800C860DD /* Debug */,
				79D99FF32A68AEB800C860DD /* Release */,
			);
			defaultConfigurationIsVisible = 0;
			defaultConfigurationName = Release;
		};
		79D99FF42A68AEB800C860DD /* Build configuration list for PBXNativeTarget "Turtle" */ = {
			isa = XCConfigurationList;
			buildConfigurations = (
				79D99FF52A68AEB800C860DD /* Debug */,
				79D99FF62A68AEB800C860DD /* Release */,
			);
			defaultConfigurationIsVisible = 0;
			defaultConfigurationName = Release;
		};
/* End XCConfigurationList section */
	};
	rootObject = 79D99FDE2A68AEB700C860DD /* Project object */;
}
